
Microsoft Visual Studio Solution File, Format Version 12.00
# Visual Studio Version 16
VisualStudioVersion = 16.0.29709.97
MinimumVisualStudioVersion = 10.0.40219.1
Project("{FAE04EC0-301F-11D3-BF4B-00C04F79EFBC}") = "TCP Socket", "TCP Socket\TCP Socket.csproj", "{4FE3C5AE-E330-4282-AC47-0E179D3328EA}"
EndProject
Global
	GlobalSection(SolutionConfigurationPlatforms) = preSolution
		Debug|Any CPU = Debug|Any CPU
		Release|Any CPU = Release|Any CPU
	EndGlobalSection
	GlobalSection(ProjectConfigurationPlatforms) = postSolution
		{4FE3C5AE-E330-4282-AC47-0E179D3328EA}.Debug|Any CPU.ActiveCfg = Debug|Any CPU
		{4FE3C5AE-E330-4282-AC47-0E179D3328EA}.Debug|Any CPU.Build.0 = Debug|Any CPU
		{4FE3C5AE-E330-4282-AC47-0E179D3328EA}.Release|Any CPU.ActiveCfg = Release|Any CPU
		{4FE3C5AE-E330-4282-AC47-0E179D3328EA}.Release|Any CPU.Build.0 = Release|Any CPU
	EndGlobalSection
	GlobalSection(SolutionProperties) = preSolution
		HideSolutionNode = FALSE
	EndGlobalSection
	GlobalSection(ExtensibilityGlobals) = postSolution
		SolutionGuid = {8482B17C-5804-44CF-8B85-B0786750C0D6}
	EndGlobalSection
EndGlobal
